
Microsoft Visual Studio Solution File, Format Version 12.00
# Visual Studio Version 17
VisualStudioVersion = 17.11.35312.102
MinimumVisualStudioVersion = 10.0.40219.1
Project("{FAE04EC0-301F-11D3-BF4B-00C04F79EFBC}") = "z3", "z3.csproj", "{30AB72C6-C809-41AD-91A7-DB22BF57D2C0}"
EndProject
Global
	GlobalSection(SolutionConfigurationPlatforms) = preSolution
		Debug|Any CPU = Debug|Any CPU
		Release|Any CPU = Release|Any CPU
	EndGlobalSection
	GlobalSection(ProjectConfigurationPlatforms) = postSolution
		{30AB72C6-C809-41AD-91A7-DB22BF57D2C0}.Debug|Any CPU.ActiveCfg = Debug|Any CPU
		{30AB72C6-C809-41AD-91A7-DB22BF57D2C0}.Debug|Any CPU.Build.0 = Debug|Any CPU
		{30AB72C6-C809-41AD-91A7-DB22BF57D2C0}.Release|Any CPU.ActiveCfg = Release|Any CPU
		{30AB72C6-C809-41AD-91A7-DB22BF57D2C0}.Release|Any CPU.Build.0 = Release|Any CPU
	EndGlobalSection
	GlobalSection(SolutionProperties) = preSolution
		HideSolutionNode = FALSE
	EndGlobalSection
	GlobalSection(ExtensibilityGlobals) = postSolution
		SolutionGuid = {7656D6E1-36CF-4AE5-9631-4CE9E8DF0C29}
	EndGlobalSection
EndGlobal
