using System;

class Program
{
    static void Main()
    {
        double A = 0;              
        double B = Math.PI / 2;    
        int M = 10;                

        double H = (B - A) / M;

        double x = A;

        Console.WriteLine(" x\t\tF(x) = x - sin(x)");
        Console.WriteLine("----------------------------------");

        for (int i = 1; i <= 20; i++)
        {
            double y = x - Math.Sin(x); 
            Console.WriteLine($"{x:F4}\t{y:F4}");

            x = x + H;
        }

        Console.WriteLine("Табуляция завершена.");
    }
}

